
Microsoft Visual Studio Solution File, Format Version 12.00
# Visual Studio Version 17
VisualStudioVersion = 17.1.32407.343
MinimumVisualStudioVersion = 10.0.40219.1
Project("{FAE04EC0-301F-11D3-BF4B-00C04F79EFBC}") = "Ejercicio10_Final", "Ejercicio10_Final.csproj", "{AC847F56-B2CF-429A-9C1C-23EFAE1C3152}"
EndProject
Project("{FAE04EC0-301F-11D3-BF4B-00C04F79EFBC}") = "KindergardenLib", "KindergardenLib\KindergardenLib.csproj", "{862FF31B-4A6D-4F10-8D11-81247FD1CDA9}"
EndProject
Global
	GlobalSection(SolutionConfigurationPlatforms) = preSolution
		Debug|Any CPU = Debug|Any CPU
		Release|Any CPU = Release|Any CPU
	EndGlobalSection
	GlobalSection(ProjectConfigurationPlatforms) = postSolution
		{AC847F56-B2CF-429A-9C1C-23EFAE1C3152}.Debug|Any CPU.ActiveCfg = Debug|Any CPU
		{AC847F56-B2CF-429A-9C1C-23EFAE1C3152}.Debug|Any CPU.Build.0 = Debug|Any CPU
		{AC847F56-B2CF-429A-9C1C-23EFAE1C3152}.Release|Any CPU.ActiveCfg = Release|Any CPU
		{AC847F56-B2CF-429A-9C1C-23EFAE1C3152}.Release|Any CPU.Build.0 = Release|Any CPU
		{862FF31B-4A6D-4F10-8D11-81247FD1CDA9}.Debug|Any CPU.ActiveCfg = Debug|Any CPU
		{862FF31B-4A6D-4F10-8D11-81247FD1CDA9}.Debug|Any CPU.Build.0 = Debug|Any CPU
		{862FF31B-4A6D-4F10-8D11-81247FD1CDA9}.Release|Any CPU.ActiveCfg = Release|Any CPU
		{862FF31B-4A6D-4F10-8D11-81247FD1CDA9}.Release|Any CPU.Build.0 = Release|Any CPU
	EndGlobalSection
	GlobalSection(SolutionProperties) = preSolution
		HideSolutionNode = FALSE
	EndGlobalSection
	GlobalSection(ExtensibilityGlobals) = postSolution
		SolutionGuid = {A21F67FB-CDC8-4171-B2B7-18EEB4C691DD}
	EndGlobalSection
EndGlobal
